
Microsoft Visual Studio Solution File, Format Version 12.00
# Visual Studio Version 17
VisualStudioVersion = 17.4.33205.214
MinimumVisualStudioVersion = 10.0.40219.1
Project("{9A19103F-16F7-4668-BE54-9A1E7A4F7556}") = "Lithnet.CredentialProvider.Management", "Lithnet.CredentialProvider.Management\Lithnet.CredentialProvider.Management.csproj", "{E2F3FD4C-519E-4B88-B2EB-B71E2F5117C2}"
EndProject
Project("{2150E333-8FDC-42A3-9474-1A3956D46DE8}") = "SolutionItems", "SolutionItems", "{FFB1476D-7F88-4A41-AF12-E6FB7E701871}"
	ProjectSection(SolutionItems) = preProject
		..\azure-pipelines.yml = ..\azure-pipelines.yml
		..\README.md = ..\README.md
	EndProjectSection
EndProject
Global
	GlobalSection(SolutionConfigurationPlatforms) = preSolution
		Debug|Any CPU = Debug|Any CPU
		Release|Any CPU = Release|Any CPU
	EndGlobalSection
	GlobalSection(ProjectConfigurationPlatforms) = postSolution
		{E2F3FD4C-519E-4B88-B2EB-B71E2F5117C2}.Debug|Any CPU.ActiveCfg = Debug|Any CPU
		{E2F3FD4C-519E-4B88-B2EB-B71E2F5117C2}.Debug|Any CPU.Build.0 = Debug|Any CPU
		{E2F3FD4C-519E-4B88-B2EB-B71E2F5117C2}.Release|Any CPU.ActiveCfg = Release|Any CPU
		{E2F3FD4C-519E-4B88-B2EB-B71E2F5117C2}.Release|Any CPU.Build.0 = Release|Any CPU
	EndGlobalSection
	GlobalSection(SolutionProperties) = preSolution
		HideSolutionNode = FALSE
	EndGlobalSection
	GlobalSection(ExtensibilityGlobals) = postSolution
		SolutionGuid = {A0A51BA2-18D6-41D6-B908-632877CB55B8}
	EndGlobalSection
EndGlobal
